
Microsoft Visual Studio Solution File, Format Version 12.00
# Visual Studio Version 16
VisualStudioVersion = 16.0.31112.23
MinimumVisualStudioVersion = 10.0.40219.1
Project("{9A19103F-16F7-4668-BE54-9A1E7A4F7556}") = "lab2", "lab2.csproj", "{48E8F781-E8BE-48BA-AFDE-1929DEDEB83B}"
EndProject
Global
	GlobalSection(SolutionConfigurationPlatforms) = preSolution
		Debug|Any CPU = Debug|Any CPU
		Release|Any CPU = Release|Any CPU
	EndGlobalSection
	GlobalSection(ProjectConfigurationPlatforms) = postSolution
		{48E8F781-E8BE-48BA-AFDE-1929DEDEB83B}.Debug|Any CPU.ActiveCfg = Debug|Any CPU
		{48E8F781-E8BE-48BA-AFDE-1929DEDEB83B}.Debug|Any CPU.Build.0 = Debug|Any CPU
		{48E8F781-E8BE-48BA-AFDE-1929DEDEB83B}.Release|Any CPU.ActiveCfg = Release|Any CPU
		{48E8F781-E8BE-48BA-AFDE-1929DEDEB83B}.Release|Any CPU.Build.0 = Release|Any CPU
	EndGlobalSection
	GlobalSection(SolutionProperties) = preSolution
		HideSolutionNode = FALSE
	EndGlobalSection
	GlobalSection(ExtensibilityGlobals) = postSolution
		SolutionGuid = {DE1B574C-2A9B-484F-9343-68EC80E83777}
	EndGlobalSection
EndGlobal
